// !$*UTF8*$!
{
	archiveVersion = 1;
	classes = {
	};
	objectVersion = 55;
	objects = {

/* Begin PBXBuildFile section */
		03553C9029E887C4008B7286 /* HomeListView.swift in Sources */ = {isa = PBXBuildFile; fileRef = 03553C8F29E887C4008B7286 /* HomeListView.swift */; };
		03553C9229E93104008B7286 /* OpenSans-Regular.ttf in Resources */ = {isa = PBXBuildFile; fileRef = 03553C9129E93104008B7286 /* OpenSans-Regular.ttf */; };
		03553C9729EB28BC008B7286 /* DetailProductView.swift in Sources */ = {isa = PBXBuildFile; fileRef = 03553C9629EB28BC008B7286 /* DetailProductView.swift */; };
		03553CA429EC892E008B7286 /* DemoView.swift in Sources */ = {isa = PBXBuildFile; fileRef = 03553CA029EC892E008B7286 /* DemoView.swift */; };
		03553CA529EC892E008B7286 /* MainView.swift in Sources */ = {isa = PBXBuildFile; fileRef = 03553CA129EC892E008B7286 /* MainView.swift */; };
		03553CA629EC892E008B7286 /* MapCardView.swift in Sources */ = {isa = PBXBuildFile; fileRef = 03553CA229EC892E008B7286 /* MapCardView.swift */; };
		03553CA729EC892E008B7286 /* LocationsView.swift in Sources */ = {isa = PBXBuildFile; fileRef = 03553CA329EC892E008B7286 /* LocationsView.swift */; };
		03553CAA29EC8942008B7286 /* LocationsViewModel.swift in Sources */ = {isa = PBXBuildFile; fileRef = 03553CA829EC8942008B7286 /* LocationsViewModel.swift */; };
		03553CAB29EC8942008B7286 /* Test.swift in Sources */ = {isa = PBXBuildFile; fileRef = 03553CA929EC8942008B7286 /* Test.swift */; };
		036F0BE429EC9334004A8A14 /* WeatherItem.swift in Sources */ = {isa = PBXBuildFile; fileRef = 036F0BE129EC9334004A8A14 /* WeatherItem.swift */; };
		036F0BE529EC9334004A8A14 /* Extensions.swift in Sources */ = {isa = PBXBuildFile; fileRef = 036F0BE229EC9334004A8A14 /* Extensions.swift */; };
		036F0BE629EC9334004A8A14 /* Coordinates.swift in Sources */ = {isa = PBXBuildFile; fileRef = 036F0BE329EC9334004A8A14 /* Coordinates.swift */; };
		036F0BEB29EC935D004A8A14 /* LocationManager.swift in Sources */ = {isa = PBXBuildFile; fileRef = 036F0BE929EC935D004A8A14 /* LocationManager.swift */; };
		036F0BEC29EC935D004A8A14 /* WeatherManager.swift in Sources */ = {isa = PBXBuildFile; fileRef = 036F0BEA29EC935D004A8A14 /* WeatherManager.swift */; };
		036F0BF229EC9379004A8A14 /* WeatherView.swift in Sources */ = {isa = PBXBuildFile; fileRef = 036F0BEE29EC9379004A8A14 /* WeatherView.swift */; };
		036F0BF329EC9379004A8A14 /* ContentView.swift in Sources */ = {isa = PBXBuildFile; fileRef = 036F0BEF29EC9379004A8A14 /* ContentView.swift */; };
		036F0BF429EC9379004A8A14 /* LoadingView.swift in Sources */ = {isa = PBXBuildFile; fileRef = 036F0BF029EC9379004A8A14 /* LoadingView.swift */; };
		036F0BF529EC9379004A8A14 /* WelcomeView.swift in Sources */ = {isa = PBXBuildFile; fileRef = 036F0BF129EC9379004A8A14 /* WelcomeView.swift */; };
		036F0BF829EC93A2004A8A14 /* ModelData.swift in Sources */ = {isa = PBXBuildFile; fileRef = 036F0BF729EC93A2004A8A14 /* ModelData.swift */; };
		036F0BFB29EC93BB004A8A14 /* weatherData.json in Resources */ = {isa = PBXBuildFile; fileRef = 036F0BFA29EC93BB004A8A14 /* weatherData.json */; };
		036F0BFF29EC9425004A8A14 /* CustomColor.swift in Sources */ = {isa = PBXBuildFile; fileRef = 036F0BFD29EC9425004A8A14 /* CustomColor.swift */; };
		036F0C0029EC9425004A8A14 /* CustomSearchBar.swift in Sources */ = {isa = PBXBuildFile; fileRef = 036F0BFE29EC9425004A8A14 /* CustomSearchBar.swift */; };
		036F0C0929EC9820004A8A14 /* TabView.swift in Sources */ = {isa = PBXBuildFile; fileRef = 036F0C0329EC9820004A8A14 /* TabView.swift */; };
		036F0C0A29EC9820004A8A14 /* HomeView.swift in Sources */ = {isa = PBXBuildFile; fileRef = 036F0C0429EC9820004A8A14 /* HomeView.swift */; };
		036F0C0B29EC9820004A8A14 /* MainProfileView.swift in Sources */ = {isa = PBXBuildFile; fileRef = 036F0C0529EC9820004A8A14 /* MainProfileView.swift */; };
		036F0C0C29EC9820004A8A14 /* EditProfileView.swift in Sources */ = {isa = PBXBuildFile; fileRef = 036F0C0629EC9820004A8A14 /* EditProfileView.swift */; };
		036F0C0D29EC9820004A8A14 /* MapView.swift in Sources */ = {isa = PBXBuildFile; fileRef = 036F0C0729EC9820004A8A14 /* MapView.swift */; };
		036F0C0E29EC9820004A8A14 /* SideMenuView.swift in Sources */ = {isa = PBXBuildFile; fileRef = 036F0C0829EC9820004A8A14 /* SideMenuView.swift */; };
		036F0C1429EC984A004A8A14 /* SelectedButtonViewModel.swift in Sources */ = {isa = PBXBuildFile; fileRef = 036F0C1029EC984A004A8A14 /* SelectedButtonViewModel.swift */; };
		036F0C1529EC984A004A8A14 /* SideMenuViewModel.swift in Sources */ = {isa = PBXBuildFile; fileRef = 036F0C1129EC984A004A8A14 /* SideMenuViewModel.swift */; };
		036F0C1629EC984A004A8A14 /* MapViewModel.swift in Sources */ = {isa = PBXBuildFile; fileRef = 036F0C1229EC984A004A8A14 /* MapViewModel.swift */; };
		036F0C1729EC984A004A8A14 /* LanguageViewModel.swift in Sources */ = {isa = PBXBuildFile; fileRef = 036F0C1329EC984A004A8A14 /* LanguageViewModel.swift */; };
		036F0C2429EC9CBD004A8A14 /* Localizable.strings in Resources */ = {isa = PBXBuildFile; fileRef = 036F0C2629EC9CBD004A8A14 /* Localizable.strings */; };
		0388941529E0CC7500B2EC01 /* Constants.swift in Sources */ = {isa = PBXBuildFile; fileRef = 0388941429E0CC7500B2EC01 /* Constants.swift */; };
		0388941A29E20C6600B2EC01 /* Persistence.swift in Sources */ = {isa = PBXBuildFile; fileRef = 0388941929E20C6600B2EC01 /* Persistence.swift */; };
		0388941E29E3263200B2EC01 /* DataViewModel.swift in Sources */ = {isa = PBXBuildFile; fileRef = 0388941D29E3263200B2EC01 /* DataViewModel.swift */; };
		0388942129E3471300B2EC01 /* ProductModel.swift in Sources */ = {isa = PBXBuildFile; fileRef = 0388942029E3471300B2EC01 /* ProductModel.swift */; };
		0388942429E3475700B2EC01 /* ProductCardHomeView.swift in Sources */ = {isa = PBXBuildFile; fileRef = 0388942329E3475700B2EC01 /* ProductCardHomeView.swift */; };
		0392B09E29E8829900CE6A7C /* Poppins-LightItalic.ttf in Resources */ = {isa = PBXBuildFile; fileRef = 0392B09429E8829900CE6A7C /* Poppins-LightItalic.ttf */; };
		0392B09F29E8829900CE6A7C /* Poppins-Regular.ttf in Resources */ = {isa = PBXBuildFile; fileRef = 0392B09529E8829900CE6A7C /* Poppins-Regular.ttf */; };
		0392B0A029E8829900CE6A7C /* Poppins-Italic.ttf in Resources */ = {isa = PBXBuildFile; fileRef = 0392B09629E8829900CE6A7C /* Poppins-Italic.ttf */; };
		0392B0A129E8829900CE6A7C /* Poppins-SemiBoldItalic.ttf in Resources */ = {isa = PBXBuildFile; fileRef = 0392B09729E8829900CE6A7C /* Poppins-SemiBoldItalic.ttf */; };
		0392B0A229E8829900CE6A7C /* Poppins-BoldItalic.ttf in Resources */ = {isa = PBXBuildFile; fileRef = 0392B09829E8829900CE6A7C /* Poppins-BoldItalic.ttf */; };
		0392B0A329E8829900CE6A7C /* Poppins-SemiBold.ttf in Resources */ = {isa = PBXBuildFile; fileRef = 0392B09929E8829900CE6A7C /* Poppins-SemiBold.ttf */; };
		0392B0A429E8829900CE6A7C /* Poppins-Light.ttf in Resources */ = {isa = PBXBuildFile; fileRef = 0392B09A29E8829900CE6A7C /* Poppins-Light.ttf */; };
		0392B0A529E8829900CE6A7C /* Poppins-ThinItalic.ttf in Resources */ = {isa = PBXBuildFile; fileRef = 0392B09B29E8829900CE6A7C /* Poppins-ThinItalic.ttf */; };
		0392B0A629E8829900CE6A7C /* Poppins-Bold.ttf in Resources */ = {isa = PBXBuildFile; fileRef = 0392B09C29E8829900CE6A7C /* Poppins-Bold.ttf */; };
		0392B0A729E8829900CE6A7C /* Poppins-Thin.ttf in Resources */ = {isa = PBXBuildFile; fileRef = 0392B09D29E8829900CE6A7C /* Poppins-Thin.ttf */; };
		6A4BDEC429F03F6D00D8598C /* WeatherWithAPICoordinates.swift in Sources */ = {isa = PBXBuildFile; fileRef = 6A4BDEC329F03F6D00D8598C /* WeatherWithAPICoordinates.swift */; };
		6A4BDEC629F03FCE00D8598C /* WeatherViewModel.swift in Sources */ = {isa = PBXBuildFile; fileRef = 6A4BDEC529F03FCE00D8598C /* WeatherViewModel.swift */; };
		6AC71A6229EDE8BC00E8E273 /* CustomAnnotationView.swift in Sources */ = {isa = PBXBuildFile; fileRef = 6AC71A6129EDE8BC00E8E273 /* CustomAnnotationView.swift */; };
		A7C125CC29DA0A0F0076B479 /* NearYouApp.swift in Sources */ = {isa = PBXBuildFile; fileRef = A7C125CB29DA0A0F0076B479 /* NearYouApp.swift */; };
		A7C125D029DA0A110076B479 /* Assets.xcassets in Resources */ = {isa = PBXBuildFile; fileRef = A7C125CF29DA0A110076B479 /* Assets.xcassets */; };
		A7C125D329DA0A110076B479 /* Preview Assets.xcassets in Resources */ = {isa = PBXBuildFile; fileRef = A7C125D229DA0A110076B479 /* Preview Assets.xcassets */; };
		A7C125DD29DA0A110076B479 /* NearYouTests.swift in Sources */ = {isa = PBXBuildFile; fileRef = A7C125DC29DA0A110076B479 /* NearYouTests.swift */; };
		A7C125E729DA0A110076B479 /* NearYouUITests.swift in Sources */ = {isa = PBXBuildFile; fileRef = A7C125E629DA0A110076B479 /* NearYouUITests.swift */; };
		A7C125E929DA0A110076B479 /* NearYouUITestsLaunchTests.swift in Sources */ = {isa = PBXBuildFile; fileRef = A7C125E829DA0A110076B479 /* NearYouUITestsLaunchTests.swift */; };
/* End PBXBuildFile section */

/* Begin PBXContainerItemProxy section */
		A7C125D929DA0A110076B479 /* PBXContainerItemProxy */ = {
			isa = PBXContainerItemProxy;
			containerPortal = A7C125C029DA0A0F0076B479 /* Project object */;
			proxyType = 1;
			remoteGlobalIDString = A7C125C729DA0A0F0076B479;
			remoteInfo = NearYou;
		};
		A7C125E329DA0A110076B479 /* PBXContainerItemProxy */ = {
			isa = PBXContainerItemProxy;
			containerPortal = A7C125C029DA0A0F0076B479 /* Project object */;
			proxyType = 1;
			remoteGlobalIDString = A7C125C729DA0A0F0076B479;
			remoteInfo = NearYou;
		};
/* End PBXContainerItemProxy section */

/* Begin PBXFileReference section */
		03553C8F29E887C4008B7286 /* HomeListView.swift */ = {isa = PBXFileReference; lastKnownFileType = sourcecode.swift; path = HomeListView.swift; sourceTree = "<group>"; };
		03553C9129E93104008B7286 /* OpenSans-Regular.ttf */ = {isa = PBXFileReference; lastKnownFileType = file; path = "OpenSans-Regular.ttf"; sourceTree = "<group>"; };
		03553C9629EB28BC008B7286 /* DetailProductView.swift */ = {isa = PBXFileReference; lastKnownFileType = sourcecode.swift; path = DetailProductView.swift; sourceTree = "<group>"; };
		03553CA029EC892E008B7286 /* DemoView.swift */ = {isa = PBXFileReference; fileEncoding = 4; lastKnownFileType = sourcecode.swift; path = DemoView.swift; sourceTree = "<group>"; };
		03553CA129EC892E008B7286 /* MainView.swift */ = {isa = PBXFileReference; fileEncoding = 4; lastKnownFileType = sourcecode.swift; path = MainView.swift; sourceTree = "<group>"; };
		03553CA229EC892E008B7286 /* MapCardView.swift */ = {isa = PBXFileReference; fileEncoding = 4; lastKnownFileType = sourcecode.swift; path = MapCardView.swift; sourceTree = "<group>"; };
		03553CA329EC892E008B7286 /* LocationsView.swift */ = {isa = PBXFileReference; fileEncoding = 4; lastKnownFileType = sourcecode.swift; path = LocationsView.swift; sourceTree = "<group>"; };
		03553CA829EC8942008B7286 /* LocationsViewModel.swift */ = {isa = PBXFileReference; fileEncoding = 4; lastKnownFileType = sourcecode.swift; path = LocationsViewModel.swift; sourceTree = "<group>"; };
		03553CA929EC8942008B7286 /* Test.swift */ = {isa = PBXFileReference; fileEncoding = 4; lastKnownFileType = sourcecode.swift; path = Test.swift; sourceTree = "<group>"; };
		036F0BE129EC9334004A8A14 /* WeatherItem.swift */ = {isa = PBXFileReference; fileEncoding = 4; lastKnownFileType = sourcecode.swift; path = WeatherItem.swift; sourceTree = "<group>"; };
		036F0BE229EC9334004A8A14 /* Extensions.swift */ = {isa = PBXFileReference; fileEncoding = 4; lastKnownFileType = sourcecode.swift; path = Extensions.swift; sourceTree = "<group>"; };
		036F0BE329EC9334004A8A14 /* Coordinates.swift */ = {isa = PBXFileReference; fileEncoding = 4; lastKnownFileType = sourcecode.swift; path = Coordinates.swift; sourceTree = "<group>"; };
		036F0BE929EC935D004A8A14 /* LocationManager.swift */ = {isa = PBXFileReference; fileEncoding = 4; lastKnownFileType = sourcecode.swift; path = LocationManager.swift; sourceTree = "<group>"; };
		036F0BEA29EC935D004A8A14 /* WeatherManager.swift */ = {isa = PBXFileReference; fileEncoding = 4; lastKnownFileType = sourcecode.swift; path = WeatherManager.swift; sourceTree = "<group>"; };
		036F0BEE29EC9379004A8A14 /* WeatherView.swift */ = {isa = PBXFileReference; fileEncoding = 4; lastKnownFileType = sourcecode.swift; path = WeatherView.swift; sourceTree = "<group>"; };
		036F0BEF29EC9379004A8A14 /* ContentView.swift */ = {isa = PBXFileReference; fileEncoding = 4; lastKnownFileType = sourcecode.swift; path = ContentView.swift; sourceTree = "<group>"; };
		036F0BF029EC9379004A8A14 /* LoadingView.swift */ = {isa = PBXFileReference; fileEncoding = 4; lastKnownFileType = sourcecode.swift; path = LoadingView.swift; sourceTree = "<group>"; };
		036F0BF129EC9379004A8A14 /* WelcomeView.swift */ = {isa = PBXFileReference; fileEncoding = 4; lastKnownFileType = sourcecode.swift; path = WelcomeView.swift; sourceTree = "<group>"; };
		036F0BF729EC93A2004A8A14 /* ModelData.swift */ = {isa = PBXFileReference; fileEncoding = 4; lastKnownFileType = sourcecode.swift; path = ModelData.swift; sourceTree = "<group>"; };
		036F0BFA29EC93BB004A8A14 /* weatherData.json */ = {isa = PBXFileReference; fileEncoding = 4; lastKnownFileType = text.json; path = weatherData.json; sourceTree = "<group>"; };
		036F0BFD29EC9425004A8A14 /* CustomColor.swift */ = {isa = PBXFileReference; fileEncoding = 4; lastKnownFileType = sourcecode.swift; path = CustomColor.swift; sourceTree = "<group>"; };
		036F0BFE29EC9425004A8A14 /* CustomSearchBar.swift */ = {isa = PBXFileReference; fileEncoding = 4; lastKnownFileType = sourcecode.swift; path = CustomSearchBar.swift; sourceTree = "<group>"; };
		036F0C0329EC9820004A8A14 /* TabView.swift */ = {isa = PBXFileReference; fileEncoding = 4; lastKnownFileType = sourcecode.swift; path = TabView.swift; sourceTree = "<group>"; };
		036F0C0429EC9820004A8A14 /* HomeView.swift */ = {isa = PBXFileReference; fileEncoding = 4; lastKnownFileType = sourcecode.swift; path = HomeView.swift; sourceTree = "<group>"; };
		036F0C0529EC9820004A8A14 /* MainProfileView.swift */ = {isa = PBXFileReference; fileEncoding = 4; lastKnownFileType = sourcecode.swift; path = MainProfileView.swift; sourceTree = "<group>"; };
		036F0C0629EC9820004A8A14 /* EditProfileView.swift */ = {isa = PBXFileReference; fileEncoding = 4; lastKnownFileType = sourcecode.swift; path = EditProfileView.swift; sourceTree = "<group>"; };
		036F0C0729EC9820004A8A14 /* MapView.swift */ = {isa = PBXFileReference; fileEncoding = 4; lastKnownFileType = sourcecode.swift; path = MapView.swift; sourceTree = "<group>"; };
		036F0C0829EC9820004A8A14 /* SideMenuView.swift */ = {isa = PBXFileReference; fileEncoding = 4; lastKnownFileType = sourcecode.swift; path = SideMenuView.swift; sourceTree = "<group>"; };
		036F0C1029EC984A004A8A14 /* SelectedButtonViewModel.swift */ = {isa = PBXFileReference; fileEncoding = 4; lastKnownFileType = sourcecode.swift; path = SelectedButtonViewModel.swift; sourceTree = "<group>"; };
		036F0C1129EC984A004A8A14 /* SideMenuViewModel.swift */ = {isa = PBXFileReference; fileEncoding = 4; lastKnownFileType = sourcecode.swift; path = SideMenuViewModel.swift; sourceTree = "<group>"; };
		036F0C1229EC984A004A8A14 /* MapViewModel.swift */ = {isa = PBXFileReference; fileEncoding = 4; lastKnownFileType = sourcecode.swift; path = MapViewModel.swift; sourceTree = "<group>"; };
		036F0C1329EC984A004A8A14 /* LanguageViewModel.swift */ = {isa = PBXFileReference; fileEncoding = 4; lastKnownFileType = sourcecode.swift; path = LanguageViewModel.swift; sourceTree = "<group>"; };
		036F0C2529EC9CBD004A8A14 /* en */ = {isa = PBXFileReference; lastKnownFileType = text.plist.strings; name = en; path = en.lproj/Localizable.strings; sourceTree = "<group>"; };
		036F0C2729EC9CC1004A8A14 /* fi */ = {isa = PBXFileReference; lastKnownFileType = text.plist.strings; name = fi; path = fi.lproj/Localizable.strings; sourceTree = "<group>"; };
		036F0C2829EC9CC2004A8A14 /* sv */ = {isa = PBXFileReference; lastKnownFileType = text.plist.strings; name = sv; path = sv.lproj/Localizable.strings; sourceTree = "<group>"; };
		0388941429E0CC7500B2EC01 /* Constants.swift */ = {isa = PBXFileReference; lastKnownFileType = sourcecode.swift; path = Constants.swift; sourceTree = "<group>"; };
		0388941929E20C6600B2EC01 /* Persistence.swift */ = {isa = PBXFileReference; lastKnownFileType = sourcecode.swift; path = Persistence.swift; sourceTree = "<group>"; };
		0388941D29E3263200B2EC01 /* DataViewModel.swift */ = {isa = PBXFileReference; lastKnownFileType = sourcecode.swift; path = DataViewModel.swift; sourceTree = "<group>"; };
		0388942029E3471300B2EC01 /* ProductModel.swift */ = {isa = PBXFileReference; lastKnownFileType = sourcecode.swift; path = ProductModel.swift; sourceTree = "<group>"; };
		0388942329E3475700B2EC01 /* ProductCardHomeView.swift */ = {isa = PBXFileReference; lastKnownFileType = sourcecode.swift; path = ProductCardHomeView.swift; sourceTree = "<group>"; };
		0392B09229E87FC300CE6A7C /* Info.plist */ = {isa = PBXFileReference; lastKnownFileType = text.plist; path = Info.plist; sourceTree = "<group>"; };
		0392B09429E8829900CE6A7C /* Poppins-LightItalic.ttf */ = {isa = PBXFileReference; lastKnownFileType = file; path = "Poppins-LightItalic.ttf"; sourceTree = "<group>"; };
		0392B09529E8829900CE6A7C /* Poppins-Regular.ttf */ = {isa = PBXFileReference; lastKnownFileType = file; path = "Poppins-Regular.ttf"; sourceTree = "<group>"; };
		0392B09629E8829900CE6A7C /* Poppins-Italic.ttf */ = {isa = PBXFileReference; lastKnownFileType = file; path = "Poppins-Italic.ttf"; sourceTree = "<group>"; };
		0392B09729E8829900CE6A7C /* Poppins-SemiBoldItalic.ttf */ = {isa = PBXFileReference; lastKnownFileType = file; path = "Poppins-SemiBoldItalic.ttf"; sourceTree = "<group>"; };
		0392B09829E8829900CE6A7C /* Poppins-BoldItalic.ttf */ = {isa = PBXFileReference; lastKnownFileType = file; path = "Poppins-BoldItalic.ttf"; sourceTree = "<group>"; };
		0392B09929E8829900CE6A7C /* Poppins-SemiBold.ttf */ = {isa = PBXFileReference; lastKnownFileType = file; path = "Poppins-SemiBold.ttf"; sourceTree = "<group>"; };
		0392B09A29E8829900CE6A7C /* Poppins-Light.ttf */ = {isa = PBXFileReference; lastKnownFileType = file; path = "Poppins-Light.ttf"; sourceTree = "<group>"; };
		0392B09B29E8829900CE6A7C /* Poppins-ThinItalic.ttf */ = {isa = PBXFileReference; lastKnownFileType = file; path = "Poppins-ThinItalic.ttf"; sourceTree = "<group>"; };
		0392B09C29E8829900CE6A7C /* Poppins-Bold.ttf */ = {isa = PBXFileReference; lastKnownFileType = file; path = "Poppins-Bold.ttf"; sourceTree = "<group>"; };
		0392B09D29E8829900CE6A7C /* Poppins-Thin.ttf */ = {isa = PBXFileReference; lastKnownFileType = file; path = "Poppins-Thin.ttf"; sourceTree = "<group>"; };
		6A4BDEC329F03F6D00D8598C /* WeatherWithAPICoordinates.swift */ = {isa = PBXFileReference; lastKnownFileType = sourcecode.swift; path = WeatherWithAPICoordinates.swift; sourceTree = "<group>"; };
		6A4BDEC529F03FCE00D8598C /* WeatherViewModel.swift */ = {isa = PBXFileReference; lastKnownFileType = sourcecode.swift; path = WeatherViewModel.swift; sourceTree = "<group>"; };
		6AC71A6129EDE8BC00E8E273 /* CustomAnnotationView.swift */ = {isa = PBXFileReference; lastKnownFileType = sourcecode.swift; path = CustomAnnotationView.swift; sourceTree = "<group>"; };
		A7C125C829DA0A0F0076B479 /* NearYou.app */ = {isa = PBXFileReference; explicitFileType = wrapper.application; includeInIndex = 0; path = NearYou.app; sourceTree = BUILT_PRODUCTS_DIR; };
		A7C125CB29DA0A0F0076B479 /* NearYouApp.swift */ = {isa = PBXFileReference; lastKnownFileType = sourcecode.swift; path = NearYouApp.swift; sourceTree = "<group>"; };
		A7C125CF29DA0A110076B479 /* Assets.xcassets */ = {isa = PBXFileReference; lastKnownFileType = folder.assetcatalog; path = Assets.xcassets; sourceTree = "<group>"; };
		A7C125D229DA0A110076B479 /* Preview Assets.xcassets */ = {isa = PBXFileReference; lastKnownFileType = folder.assetcatalog; path = "Preview Assets.xcassets"; sourceTree = "<group>"; };
		A7C125D829DA0A110076B479 /* NearYouTests.xctest */ = {isa = PBXFileReference; explicitFileType = wrapper.cfbundle; includeInIndex = 0; path = NearYouTests.xctest; sourceTree = BUILT_PRODUCTS_DIR; };
		A7C125DC29DA0A110076B479 /* NearYouTests.swift */ = {isa = PBXFileReference; lastKnownFileType = sourcecode.swift; path = NearYouTests.swift; sourceTree = "<group>"; };
		A7C125E229DA0A110076B479 /* NearYouUITests.xctest */ = {isa = PBXFileReference; explicitFileType = wrapper.cfbundle; includeInIndex = 0; path = NearYouUITests.xctest; sourceTree = BUILT_PRODUCTS_DIR; };
		A7C125E629DA0A110076B479 /* NearYouUITests.swift */ = {isa = PBXFileReference; lastKnownFileType = sourcecode.swift; path = NearYouUITests.swift; sourceTree = "<group>"; };
		A7C125E829DA0A110076B479 /* NearYouUITestsLaunchTests.swift */ = {isa = PBXFileReference; lastKnownFileType = sourcecode.swift; path = NearYouUITestsLaunchTests.swift; sourceTree = "<group>"; };
/* End PBXFileReference section */

/* Begin PBXFrameworksBuildPhase section */
		A7C125C529DA0A0F0076B479 /* Frameworks */ = {
			isa = PBXFrameworksBuildPhase;
			buildActionMask = 2147483647;
			files = (
			);
			runOnlyForDeploymentPostprocessing = 0;
		};
		A7C125D529DA0A110076B479 /* Frameworks */ = {
			isa = PBXFrameworksBuildPhase;
			buildActionMask = 2147483647;
			files = (
			);
			runOnlyForDeploymentPostprocessing = 0;
		};
		A7C125DF29DA0A110076B479 /* Frameworks */ = {
			isa = PBXFrameworksBuildPhase;
			buildActionMask = 2147483647;
			files = (
			);
			runOnlyForDeploymentPostprocessing = 0;
		};
/* End PBXFrameworksBuildPhase section */

/* Begin PBXGroup section */
		03553C9329E93584008B7286 /* Language */ = {
			isa = PBXGroup;
			children = (
				036F0C0F29EC983C004A8A14 /* ViewModelNew */,
				036F0C0229EC980C004A8A14 /* ViewNew */,
				036F0C2629EC9CBD004A8A14 /* Localizable.strings */,
			);
			path = Language;
			sourceTree = "<group>";
		};
		03553C9C29EC88CB008B7286 /* Map */ = {
			isa = PBXGroup;
			children = (
				03553C9F29EC88E8008B7286 /* View */,
				03553C9E29EC88DE008B7286 /* ViewModel */,
				03553C9D29EC88D8008B7286 /* Model */,
			);
			path = Map;
			sourceTree = "<group>";
		};
		03553C9D29EC88D8008B7286 /* Model */ = {
			isa = PBXGroup;
			children = (
			);
			path = Model;
			sourceTree = "<group>";
		};
		03553C9E29EC88DE008B7286 /* ViewModel */ = {
			isa = PBXGroup;
			children = (
				03553CA829EC8942008B7286 /* LocationsViewModel.swift */,
				03553CA929EC8942008B7286 /* Test.swift */,
			);
			path = ViewModel;
			sourceTree = "<group>";
		};
		03553C9F29EC88E8008B7286 /* View */ = {
			isa = PBXGroup;
			children = (
				03553CA029EC892E008B7286 /* DemoView.swift */,
				03553CA329EC892E008B7286 /* LocationsView.swift */,
				03553CA129EC892E008B7286 /* MainView.swift */,
				03553CA229EC892E008B7286 /* MapCardView.swift */,
				6AC71A6129EDE8BC00E8E273 /* CustomAnnotationView.swift */,
			);
			path = View;
			sourceTree = "<group>";
		};
		036F0BE029EC92E7004A8A14 /* Weather */ = {
			isa = PBXGroup;
			children = (
				036F0BE329EC9334004A8A14 /* Coordinates.swift */,
				036F0BE229EC9334004A8A14 /* Extensions.swift */,
				036F0BE129EC9334004A8A14 /* WeatherItem.swift */,
				036F0BF929EC93AA004A8A14 /* WeatherAssets */,
				036F0BF629EC9395004A8A14 /* WeatherModels */,
				036F0BED29EC9369004A8A14 /* WeatherViews */,
				036F0BE829EC934D004A8A14 /* Managers */,
			);
			path = Weather;
			sourceTree = "<group>";
		};
		036F0BE829EC934D004A8A14 /* Managers */ = {
			isa = PBXGroup;
			children = (
				036F0BE929EC935D004A8A14 /* LocationManager.swift */,
				036F0BEA29EC935D004A8A14 /* WeatherManager.swift */,
				6A4BDEC529F03FCE00D8598C /* WeatherViewModel.swift */,
			);
			path = Managers;
			sourceTree = "<group>";
		};
		036F0BED29EC9369004A8A14 /* WeatherViews */ = {
			isa = PBXGroup;
			children = (
				036F0BEF29EC9379004A8A14 /* ContentView.swift */,
				6A4BDEC329F03F6D00D8598C /* WeatherWithAPICoordinates.swift */,
				036F0BF029EC9379004A8A14 /* LoadingView.swift */,
				036F0BEE29EC9379004A8A14 /* WeatherView.swift */,
				036F0BF129EC9379004A8A14 /* WelcomeView.swift */,
			);
			path = WeatherViews;
			sourceTree = "<group>";
		};
		036F0BF629EC9395004A8A14 /* WeatherModels */ = {
			isa = PBXGroup;
			children = (
				036F0BF729EC93A2004A8A14 /* ModelData.swift */,
			);
			path = WeatherModels;
			sourceTree = "<group>";
		};
		036F0BF929EC93AA004A8A14 /* WeatherAssets */ = {
			isa = PBXGroup;
			children = (
				036F0BFA29EC93BB004A8A14 /* weatherData.json */,
			);
			path = WeatherAssets;
			sourceTree = "<group>";
		};
		036F0BFC29EC9412004A8A14 /* CustomComponent */ = {
			isa = PBXGroup;
			children = (
				036F0BFD29EC9425004A8A14 /* CustomColor.swift */,
				036F0BFE29EC9425004A8A14 /* CustomSearchBar.swift */,
			);
			path = CustomComponent;
			sourceTree = "<group>";
		};
		036F0C0229EC980C004A8A14 /* ViewNew */ = {
			isa = PBXGroup;
			children = (
				036F0C0629EC9820004A8A14 /* EditProfileView.swift */,
				036F0C0429EC9820004A8A14 /* HomeView.swift */,
				036F0C0529EC9820004A8A14 /* MainProfileView.swift */,
				036F0C0729EC9820004A8A14 /* MapView.swift */,
				036F0C0829EC9820004A8A14 /* SideMenuView.swift */,
				036F0C0329EC9820004A8A14 /* TabView.swift */,
			);
			path = ViewNew;
			sourceTree = "<group>";
		};
		036F0C0F29EC983C004A8A14 /* ViewModelNew */ = {
			isa = PBXGroup;
			children = (
				036F0C1329EC984A004A8A14 /* LanguageViewModel.swift */,
				036F0C1229EC984A004A8A14 /* MapViewModel.swift */,
				036F0C1029EC984A004A8A14 /* SelectedButtonViewModel.swift */,
				036F0C1129EC984A004A8A14 /* SideMenuViewModel.swift */,
			);
			path = ViewModelNew;
			sourceTree = "<group>";
		};
		0388941B29E213BD00B2EC01 /* Modal */ = {
			isa = PBXGroup;
			children = (
				0388941429E0CC7500B2EC01 /* Constants.swift */,
				0388942029E3471300B2EC01 /* ProductModel.swift */,
			);
			path = Modal;
			sourceTree = "<group>";
		};
		0388941C29E325F500B2EC01 /* ViewModel */ = {
			isa = PBXGroup;
			children = (
				0388941929E20C6600B2EC01 /* Persistence.swift */,
				0388941D29E3263200B2EC01 /* DataViewModel.swift */,
			);
			path = ViewModel;
			sourceTree = "<group>";
		};
		0388941F29E3263800B2EC01 /* View */ = {
			isa = PBXGroup;
			children = (
				0388942329E3475700B2EC01 /* ProductCardHomeView.swift */,
				03553C8F29E887C4008B7286 /* HomeListView.swift */,
				03553C9629EB28BC008B7286 /* DetailProductView.swift */,
			);
			path = View;
			sourceTree = "<group>";
		};
		0392B09129E81BE600CE6A7C /* API */ = {
			isa = PBXGroup;
			children = (
				0388941B29E213BD00B2EC01 /* Modal */,
				0388941C29E325F500B2EC01 /* ViewModel */,
				0388941F29E3263800B2EC01 /* View */,
			);
			path = API;
			sourceTree = "<group>";
		};
		0392B09329E87FDD00CE6A7C /* Font */ = {
			isa = PBXGroup;
			children = (
				0392B09C29E8829900CE6A7C /* Poppins-Bold.ttf */,
				0392B09829E8829900CE6A7C /* Poppins-BoldItalic.ttf */,
				03553C9129E93104008B7286 /* OpenSans-Regular.ttf */,
				0392B09629E8829900CE6A7C /* Poppins-Italic.ttf */,
				0392B09A29E8829900CE6A7C /* Poppins-Light.ttf */,
				0392B09429E8829900CE6A7C /* Poppins-LightItalic.ttf */,
				0392B09529E8829900CE6A7C /* Poppins-Regular.ttf */,
				0392B09929E8829900CE6A7C /* Poppins-SemiBold.ttf */,
				0392B09729E8829900CE6A7C /* Poppins-SemiBoldItalic.ttf */,
				0392B09D29E8829900CE6A7C /* Poppins-Thin.ttf */,
				0392B09B29E8829900CE6A7C /* Poppins-ThinItalic.ttf */,
			);
			path = Font;
			sourceTree = "<group>";
		};
		A7C125BF29DA0A0F0076B479 = {
			isa = PBXGroup;
			children = (
				A7C125CA29DA0A0F0076B479 /* NearYou */,
				A7C125DB29DA0A110076B479 /* NearYouTests */,
				A7C125E529DA0A110076B479 /* NearYouUITests */,
				A7C125C929DA0A0F0076B479 /* Products */,
			);
			sourceTree = "<group>";
		};
		A7C125C929DA0A0F0076B479 /* Products */ = {
			isa = PBXGroup;
			children = (
				A7C125C829DA0A0F0076B479 /* NearYou.app */,
				A7C125D829DA0A110076B479 /* NearYouTests.xctest */,
				A7C125E229DA0A110076B479 /* NearYouUITests.xctest */,
			);
			name = Products;
			sourceTree = "<group>";
		};
		A7C125CA29DA0A0F0076B479 /* NearYou */ = {
			isa = PBXGroup;
			children = (
				0392B09329E87FDD00CE6A7C /* Font */,
				036F0BFC29EC9412004A8A14 /* CustomComponent */,
				036F0BE029EC92E7004A8A14 /* Weather */,
				03553C9C29EC88CB008B7286 /* Map */,
				03553C9329E93584008B7286 /* Language */,
				0392B09129E81BE600CE6A7C /* API */,
				A7C125CF29DA0A110076B479 /* Assets.xcassets */,
				0392B09229E87FC300CE6A7C /* Info.plist */,
				A7C125CB29DA0A0F0076B479 /* NearYouApp.swift */,
				A7C125D129DA0A110076B479 /* Preview Content */,
			);
			path = NearYou;
			sourceTree = "<group>";
		};
		A7C125D129DA0A110076B479 /* Preview Content */ = {
			isa = PBXGroup;
			children = (
				A7C125D229DA0A110076B479 /* Preview Assets.xcassets */,
			);
			path = "Preview Content";
			sourceTree = "<group>";
		};
		A7C125DB29DA0A110076B479 /* NearYouTests */ = {
			isa = PBXGroup;
			children = (
				A7C125DC29DA0A110076B479 /* NearYouTests.swift */,
			);
			path = NearYouTests;
			sourceTree = "<group>";
		};
		A7C125E529DA0A110076B479 /* NearYouUITests */ = {
			isa = PBXGroup;
			children = (
				A7C125E629DA0A110076B479 /* NearYouUITests.swift */,
				A7C125E829DA0A110076B479 /* NearYouUITestsLaunchTests.swift */,
			);
			path = NearYouUITests;
			sourceTree = "<group>";
		};
/* End PBXGroup section */

/* Begin PBXNativeTarget section */
		A7C125C729DA0A0F0076B479 /* NearYou */ = {
			isa = PBXNativeTarget;
			buildConfigurationList = A7C125EC29DA0A110076B479 /* Build configuration list for PBXNativeTarget "NearYou" */;
			buildPhases = (
				A7C125C429DA0A0F0076B479 /* Sources */,
				A7C125C529DA0A0F0076B479 /* Frameworks */,
				A7C125C629DA0A0F0076B479 /* Resources */,
			);
			buildRules = (
			);
			dependencies = (
			);
			name = NearYou;
			productName = NearYou;
			productReference = A7C125C829DA0A0F0076B479 /* NearYou.app */;
			productType = "com.apple.product-type.application";
		};
		A7C125D729DA0A110076B479 /* NearYouTests */ = {
			isa = PBXNativeTarget;
			buildConfigurationList = A7C125EF29DA0A110076B479 /* Build configuration list for PBXNativeTarget "NearYouTests" */;
			buildPhases = (
				A7C125D429DA0A110076B479 /* Sources */,
				A7C125D529DA0A110076B479 /* Frameworks */,
				A7C125D629DA0A110076B479 /* Resources */,
			);
			buildRules = (
			);
			dependencies = (
				A7C125DA29DA0A110076B479 /* PBXTargetDependency */,
			);
			name = NearYouTests;
			productName = NearYouTests;
			productReference = A7C125D829DA0A110076B479 /* NearYouTests.xctest */;
			productType = "com.apple.product-type.bundle.unit-test";
		};
		A7C125E129DA0A110076B479 /* NearYouUITests */ = {
			isa = PBXNativeTarget;
			buildConfigurationList = A7C125F229DA0A110076B479 /* Build configuration list for PBXNativeTarget "NearYouUITests" */;
			buildPhases = (
				A7C125DE29DA0A110076B479 /* Sources */,
				A7C125DF29DA0A110076B479 /* Frameworks */,
				A7C125E029DA0A110076B479 /* Resources */,
			);
			buildRules = (
			);
			dependencies = (
				A7C125E429DA0A110076B479 /* PBXTargetDependency */,
			);
			name = NearYouUITests;
			productName = NearYouUITests;
			productReference = A7C125E229DA0A110076B479 /* NearYouUITests.xctest */;
			productType = "com.apple.product-type.bundle.ui-testing";
		};
/* End PBXNativeTarget section */

/* Begin PBXProject section */
		A7C125C029DA0A0F0076B479 /* Project object */ = {
			isa = PBXProject;
			attributes = {
				BuildIndependentTargetsInParallel = 1;
				LastSwiftUpdateCheck = 1340;
				LastUpgradeCheck = 1340;
				TargetAttributes = {
					A7C125C729DA0A0F0076B479 = {
						CreatedOnToolsVersion = 13.4.1;
					};
					A7C125D729DA0A110076B479 = {
						CreatedOnToolsVersion = 13.4.1;
						TestTargetID = A7C125C729DA0A0F0076B479;
					};
					A7C125E129DA0A110076B479 = {
						CreatedOnToolsVersion = 13.4.1;
						TestTargetID = A7C125C729DA0A0F0076B479;
					};
				};
			};
			buildConfigurationList = A7C125C329DA0A0F0076B479 /* Build configuration list for PBXProject "NearYou" */;
			compatibilityVersion = "Xcode 13.0";
			developmentRegion = en;
			hasScannedForEncodings = 0;
			knownRegions = (
				en,
				fi,
				sv,
				Base,
			);
			mainGroup = A7C125BF29DA0A0F0076B479;
			productRefGroup = A7C125C929DA0A0F0076B479 /* Products */;
			projectDirPath = "";
			projectRoot = "";
			targets = (
				A7C125C729DA0A0F0076B479 /* NearYou */,
				A7C125D729DA0A110076B479 /* NearYouTests */,
				A7C125E129DA0A110076B479 /* NearYouUITests */,
			);
		};
/* End PBXProject section */

/* Begin PBXResourcesBuildPhase section */
		A7C125C629DA0A0F0076B479 /* Resources */ = {
			isa = PBXResourcesBuildPhase;
			buildActionMask = 2147483647;
			files = (
				A7C125D329DA0A110076B479 /* Preview Assets.xcassets in Resources */,
				0392B0A429E8829900CE6A7C /* Poppins-Light.ttf in Resources */,
				0392B09E29E8829900CE6A7C /* Poppins-LightItalic.ttf in Resources */,
				0392B0A229E8829900CE6A7C /* Poppins-BoldItalic.ttf in Resources */,
				A7C125D029DA0A110076B479 /* Assets.xcassets in Resources */,
				0392B0A029E8829900CE6A7C /* Poppins-Italic.ttf in Resources */,
				0392B0A329E8829900CE6A7C /* Poppins-SemiBold.ttf in Resources */,
				0392B0A629E8829900CE6A7C /* Poppins-Bold.ttf in Resources */,
				0392B0A529E8829900CE6A7C /* Poppins-ThinItalic.ttf in Resources */,
				0392B0A729E8829900CE6A7C /* Poppins-Thin.ttf in Resources */,
				036F0C2429EC9CBD004A8A14 /* Localizable.strings in Resources */,
				036F0BFB29EC93BB004A8A14 /* weatherData.json in Resources */,
				0392B09F29E8829900CE6A7C /* Poppins-Regular.ttf in Resources */,
				03553C9229E93104008B7286 /* OpenSans-Regular.ttf in Resources */,
				0392B0A129E8829900CE6A7C /* Poppins-SemiBoldItalic.ttf in Resources */,
			);
			runOnlyForDeploymentPostprocessing = 0;
		};
		A7C125D629DA0A110076B479 /* Resources */ = {
			isa = PBXResourcesBuildPhase;
			buildActionMask = 2147483647;
			files = (
			);
			runOnlyForDeploymentPostprocessing = 0;
		};
		A7C125E029DA0A110076B479 /* Resources */ = {
			isa = PBXResourcesBuildPhase;
			buildActionMask = 2147483647;
			files = (
			);
			runOnlyForDeploymentPostprocessing = 0;
		};
/* End PBXResourcesBuildPhase section */

/* Begin PBXSourcesBuildPhase section */
		A7C125C429DA0A0F0076B479 /* Sources */ = {
			isa = PBXSourcesBuildPhase;
			buildActionMask = 2147483647;
			files = (
				036F0C0C29EC9820004A8A14 /* EditProfileView.swift in Sources */,
				6A4BDEC629F03FCE00D8598C /* WeatherViewModel.swift in Sources */,
				0388942129E3471300B2EC01 /* ProductModel.swift in Sources */,
				036F0C0E29EC9820004A8A14 /* SideMenuView.swift in Sources */,
				036F0C0A29EC9820004A8A14 /* HomeView.swift in Sources */,
				03553C9729EB28BC008B7286 /* DetailProductView.swift in Sources */,
				036F0BF329EC9379004A8A14 /* ContentView.swift in Sources */,
				036F0BFF29EC9425004A8A14 /* CustomColor.swift in Sources */,
				036F0BF429EC9379004A8A14 /* LoadingView.swift in Sources */,
				036F0BE429EC9334004A8A14 /* WeatherItem.swift in Sources */,
				036F0BF829EC93A2004A8A14 /* ModelData.swift in Sources */,
				A7C125CC29DA0A0F0076B479 /* NearYouApp.swift in Sources */,
				036F0C1629EC984A004A8A14 /* MapViewModel.swift in Sources */,
				036F0C0D29EC9820004A8A14 /* MapView.swift in Sources */,
				036F0BE629EC9334004A8A14 /* Coordinates.swift in Sources */,
				03553CAB29EC8942008B7286 /* Test.swift in Sources */,
				036F0C1529EC984A004A8A14 /* SideMenuViewModel.swift in Sources */,
				03553CA529EC892E008B7286 /* MainView.swift in Sources */,
				6A4BDEC429F03F6D00D8598C /* WeatherWithAPICoordinates.swift in Sources */,
				0388942429E3475700B2EC01 /* ProductCardHomeView.swift in Sources */,
				036F0BF529EC9379004A8A14 /* WelcomeView.swift in Sources */,
				036F0BEB29EC935D004A8A14 /* LocationManager.swift in Sources */,
				036F0C0029EC9425004A8A14 /* CustomSearchBar.swift in Sources */,
				6AC71A6229EDE8BC00E8E273 /* CustomAnnotationView.swift in Sources */,
				03553CA429EC892E008B7286 /* DemoView.swift in Sources */,
				036F0C1729EC984A004A8A14 /* LanguageViewModel.swift in Sources */,
				03553CA629EC892E008B7286 /* MapCardView.swift in Sources */,
				03553CAA29EC8942008B7286 /* LocationsViewModel.swift in Sources */,
				0388941E29E3263200B2EC01 /* DataViewModel.swift in Sources */,
				036F0BE529EC9334004A8A14 /* Extensions.swift in Sources */,
				036F0C0B29EC9820004A8A14 /* MainProfileView.swift in Sources */,
				03553C9029E887C4008B7286 /* HomeListView.swift in Sources */,
				036F0BF229EC9379004A8A14 /* WeatherView.swift in Sources */,
				036F0BEC29EC935D004A8A14 /* WeatherManager.swift in Sources */,
				03553CA729EC892E008B7286 /* LocationsView.swift in Sources */,
				036F0C1429EC984A004A8A14 /* SelectedButtonViewModel.swift in Sources */,
				0388941529E0CC7500B2EC01 /* Constants.swift in Sources */,
				036F0C0929EC9820004A8A14 /* TabView.swift in Sources */,
				0388941A29E20C6600B2EC01 /* Persistence.swift in Sources */,
			);
			runOnlyForDeploymentPostprocessing = 0;
		};
		A7C125D429DA0A110076B479 /* Sources */ = {
			isa = PBXSourcesBuildPhase;
			buildActionMask = 2147483647;
			files = (
				A7C125DD29DA0A110076B479 /* NearYouTests.swift in Sources */,
			);
			runOnlyForDeploymentPostprocessing = 0;
		};
		A7C125DE29DA0A110076B479 /* Sources */ = {
			isa = PBXSourcesBuildPhase;
			buildActionMask = 2147483647;
			files = (
				A7C125E929DA0A110076B479 /* NearYouUITestsLaunchTests.swift in Sources */,
				A7C125E729DA0A110076B479 /* NearYouUITests.swift in Sources */,
			);
			runOnlyForDeploymentPostprocessing = 0;
		};
/* End PBXSourcesBuildPhase section */

/* Begin PBXTargetDependency section */
		A7C125DA29DA0A110076B479 /* PBXTargetDependency */ = {
			isa = PBXTargetDependency;
			target = A7C125C729DA0A0F0076B479 /* NearYou */;
			targetProxy = A7C125D929DA0A110076B479 /* PBXContainerItemProxy */;
		};
		A7C125E429DA0A110076B479 /* PBXTargetDependency */ = {
			isa = PBXTargetDependency;
			target = A7C125C729DA0A0F0076B479 /* NearYou */;
			targetProxy = A7C125E329DA0A110076B479 /* PBXContainerItemProxy */;
		};
/* End PBXTargetDependency section */

/* Begin PBXVariantGroup section */
		036F0C2629EC9CBD004A8A14 /* Localizable.strings */ = {
			isa = PBXVariantGroup;
			children = (
				036F0C2529EC9CBD004A8A14 /* en */,
				036F0C2729EC9CC1004A8A14 /* fi */,
				036F0C2829EC9CC2004A8A14 /* sv */,
			);
			name = Localizable.strings;
			sourceTree = "<group>";
		};
/* End PBXVariantGroup section */

/* Begin XCBuildConfiguration section */
		A7C125EA29DA0A110076B479 /* Debug */ = {
			isa = XCBuildConfiguration;
			buildSettings = {
				ALWAYS_SEARCH_USER_PATHS = NO;
				CLANG_ANALYZER_NONNULL = YES;
				CLANG_ANALYZER_NUMBER_OBJECT_CONVERSION = YES_AGGRESSIVE;
				CLANG_CXX_LANGUAGE_STANDARD = "gnu++17";
				CLANG_ENABLE_MODULES = YES;
				CLANG_ENABLE_OBJC_ARC = YES;
				CLANG_ENABLE_OBJC_WEAK = YES;
				CLANG_WARN_BLOCK_CAPTURE_AUTORELEASING = YES;
				CLANG_WARN_BOOL_CONVERSION = YES;
				CLANG_WARN_COMMA = YES;
				CLANG_WARN_CONSTANT_CONVERSION = YES;
				CLANG_WARN_DEPRECATED_OBJC_IMPLEMENTATIONS = YES;
				CLANG_WARN_DIRECT_OBJC_ISA_USAGE = YES_ERROR;
				CLANG_WARN_DOCUMENTATION_COMMENTS = YES;
				CLANG_WARN_EMPTY_BODY = YES;
				CLANG_WARN_ENUM_CONVERSION = YES;
				CLANG_WARN_INFINITE_RECURSION = YES;
				CLANG_WARN_INT_CONVERSION = YES;
				CLANG_WARN_NON_LITERAL_NULL_CONVERSION = YES;
				CLANG_WARN_OBJC_IMPLICIT_RETAIN_SELF = YES;
				CLANG_WARN_OBJC_LITERAL_CONVERSION = YES;
				CLANG_WARN_OBJC_ROOT_CLASS = YES_ERROR;
				CLANG_WARN_QUOTED_INCLUDE_IN_FRAMEWORK_HEADER = YES;
				CLANG_WARN_RANGE_LOOP_ANALYSIS = YES;
				CLANG_WARN_STRICT_PROTOTYPES = YES;
				CLANG_WARN_SUSPICIOUS_MOVE = YES;
				CLANG_WARN_UNGUARDED_AVAILABILITY = YES_AGGRESSIVE;
				CLANG_WARN_UNREACHABLE_CODE = YES;
				CLANG_WARN__DUPLICATE_METHOD_MATCH = YES;
				COPY_PHASE_STRIP = NO;
				DEBUG_INFORMATION_FORMAT = dwarf;
				ENABLE_STRICT_OBJC_MSGSEND = YES;
				ENABLE_TESTABILITY = YES;
				GCC_C_LANGUAGE_STANDARD = gnu11;
				GCC_DYNAMIC_NO_PIC = NO;
				GCC_NO_COMMON_BLOCKS = YES;
				GCC_OPTIMIZATION_LEVEL = 0;
				GCC_PREPROCESSOR_DEFINITIONS = (
					"DEBUG=1",
					"$(inherited)",
				);
				GCC_WARN_64_TO_32_BIT_CONVERSION = YES;
				GCC_WARN_ABOUT_RETURN_TYPE = YES_ERROR;
				GCC_WARN_UNDECLARED_SELECTOR = YES;
				GCC_WARN_UNINITIALIZED_AUTOS = YES_AGGRESSIVE;
				GCC_WARN_UNUSED_FUNCTION = YES;
				GCC_WARN_UNUSED_VARIABLE = YES;
				IPHONEOS_DEPLOYMENT_TARGET = 15.5;
				MTL_ENABLE_DEBUG_INFO = INCLUDE_SOURCE;
				MTL_FAST_MATH = YES;
				ONLY_ACTIVE_ARCH = YES;
				SDKROOT = iphoneos;
				SWIFT_ACTIVE_COMPILATION_CONDITIONS = DEBUG;
				SWIFT_OPTIMIZATION_LEVEL = "-Onone";
			};
			name = Debug;
		};
		A7C125EB29DA0A110076B479 /* Release */ = {
			isa = XCBuildConfiguration;
			buildSettings = {
				ALWAYS_SEARCH_USER_PATHS = NO;
				CLANG_ANALYZER_NONNULL = YES;
				CLANG_ANALYZER_NUMBER_OBJECT_CONVERSION = YES_AGGRESSIVE;
				CLANG_CXX_LANGUAGE_STANDARD = "gnu++17";
				CLANG_ENABLE_MODULES = YES;
				CLANG_ENABLE_OBJC_ARC = YES;
				CLANG_ENABLE_OBJC_WEAK = YES;
				CLANG_WARN_BLOCK_CAPTURE_AUTORELEASING = YES;
				CLANG_WARN_BOOL_CONVERSION = YES;
				CLANG_WARN_COMMA = YES;
				CLANG_WARN_CONSTANT_CONVERSION = YES;
				CLANG_WARN_DEPRECATED_OBJC_IMPLEMENTATIONS = YES;
				CLANG_WARN_DIRECT_OBJC_ISA_USAGE = YES_ERROR;
				CLANG_WARN_DOCUMENTATION_COMMENTS = YES;
				CLANG_WARN_EMPTY_BODY = YES;
				CLANG_WARN_ENUM_CONVERSION = YES;
				CLANG_WARN_INFINITE_RECURSION = YES;
				CLANG_WARN_INT_CONVERSION = YES;
				CLANG_WARN_NON_LITERAL_NULL_CONVERSION = YES;
				CLANG_WARN_OBJC_IMPLICIT_RETAIN_SELF = YES;
				CLANG_WARN_OBJC_LITERAL_CONVERSION = YES;
				CLANG_WARN_OBJC_ROOT_CLASS = YES_ERROR;
				CLANG_WARN_QUOTED_INCLUDE_IN_FRAMEWORK_HEADER = YES;
				CLANG_WARN_RANGE_LOOP_ANALYSIS = YES;
				CLANG_WARN_STRICT_PROTOTYPES = YES;
				CLANG_WARN_SUSPICIOUS_MOVE = YES;
				CLANG_WARN_UNGUARDED_AVAILABILITY = YES_AGGRESSIVE;
				CLANG_WARN_UNREACHABLE_CODE = YES;
				CLANG_WARN__DUPLICATE_METHOD_MATCH = YES;
				COPY_PHASE_STRIP = NO;
				DEBUG_INFORMATION_FORMAT = "dwarf-with-dsym";
				ENABLE_NS_ASSERTIONS = NO;
				ENABLE_STRICT_OBJC_MSGSEND = YES;
				GCC_C_LANGUAGE_STANDARD = gnu11;
				GCC_NO_COMMON_BLOCKS = YES;
				GCC_WARN_64_TO_32_BIT_CONVERSION = YES;
				GCC_WARN_ABOUT_RETURN_TYPE = YES_ERROR;
				GCC_WARN_UNDECLARED_SELECTOR = YES;
				GCC_WARN_UNINITIALIZED_AUTOS = YES_AGGRESSIVE;
				GCC_WARN_UNUSED_FUNCTION = YES;
				GCC_WARN_UNUSED_VARIABLE = YES;
				IPHONEOS_DEPLOYMENT_TARGET = 15.5;
				MTL_ENABLE_DEBUG_INFO = NO;
				MTL_FAST_MATH = YES;
				SDKROOT = iphoneos;
				SWIFT_COMPILATION_MODE = wholemodule;
				SWIFT_OPTIMIZATION_LEVEL = "-O";
				VALIDATE_PRODUCT = YES;
			};
			name = Release;
		};
		A7C125ED29DA0A110076B479 /* Debug */ = {
			isa = XCBuildConfiguration;
			buildSettings = {
				ASSETCATALOG_COMPILER_APPICON_NAME = AppIcon;
				ASSETCATALOG_COMPILER_GLOBAL_ACCENT_COLOR_NAME = AccentColor;
				CODE_SIGN_STYLE = Automatic;
				CURRENT_PROJECT_VERSION = 1;
				DEVELOPMENT_ASSET_PATHS = "\"NearYou/Preview Content\"";
				ENABLE_PREVIEWS = YES;
				GENERATE_INFOPLIST_FILE = YES;
				INFOPLIST_FILE = NearYou/Info.plist;
				INFOPLIST_KEY_NSLocationWhenInUseUsageDescription = "Please allow access to location.";
				INFOPLIST_KEY_UIApplicationSceneManifest_Generation = YES;
				INFOPLIST_KEY_UIApplicationSupportsIndirectInputEvents = YES;
				INFOPLIST_KEY_UILaunchScreen_Generation = YES;
				INFOPLIST_KEY_UISupportedInterfaceOrientations_iPad = "UIInterfaceOrientationPortrait UIInterfaceOrientationPortraitUpsideDown UIInterfaceOrientationLandscapeLeft UIInterfaceOrientationLandscapeRight";
				INFOPLIST_KEY_UISupportedInterfaceOrientations_iPhone = "UIInterfaceOrientationPortrait UIInterfaceOrientationLandscapeLeft UIInterfaceOrientationLandscapeRight";
				IPHONEOS_DEPLOYMENT_TARGET = 15.0;
				LD_RUNPATH_SEARCH_PATHS = (
					"$(inherited)",
					"@executable_path/Frameworks",
				);
				MARKETING_VERSION = 1.0;
				PRODUCT_BUNDLE_IDENTIFIER = metropolia.NearYou;
				PRODUCT_NAME = "$(TARGET_NAME)";
				SWIFT_EMIT_LOC_STRINGS = YES;
				SWIFT_VERSION = 5.0;
				TARGETED_DEVICE_FAMILY = "1,2";
			};
			name = Debug;
		};
		A7C125EE29DA0A110076B479 /* Release */ = {
			isa = XCBuildConfiguration;
			buildSettings = {
				ASSETCATALOG_COMPILER_APPICON_NAME = AppIcon;
				ASSETCATALOG_COMPILER_GLOBAL_ACCENT_COLOR_NAME = AccentColor;
				CODE_SIGN_STYLE = Automatic;
				CURRENT_PROJECT_VERSION = 1;
				DEVELOPMENT_ASSET_PATHS = "\"NearYou/Preview Content\"";
				ENABLE_PREVIEWS = YES;
				GENERATE_INFOPLIST_FILE = YES;
				INFOPLIST_FILE = NearYou/Info.plist;
				INFOPLIST_KEY_NSLocationWhenInUseUsageDescription = "Please allow access to location.";
				INFOPLIST_KEY_UIApplicationSceneManifest_Generation = YES;
				INFOPLIST_KEY_UIApplicationSupportsIndirectInputEvents = YES;
				INFOPLIST_KEY_UILaunchScreen_Generation = YES;
				INFOPLIST_KEY_UISupportedInterfaceOrientations_iPad = "UIInterfaceOrientationPortrait UIInterfaceOrientationPortraitUpsideDown UIInterfaceOrientationLandscapeLeft UIInterfaceOrientationLandscapeRight";
				INFOPLIST_KEY_UISupportedInterfaceOrientations_iPhone = "UIInterfaceOrientationPortrait UIInterfaceOrientationLandscapeLeft UIInterfaceOrientationLandscapeRight";
				IPHONEOS_DEPLOYMENT_TARGET = 15.0;
				LD_RUNPATH_SEARCH_PATHS = (
					"$(inherited)",
					"@executable_path/Frameworks",
				);
				MARKETING_VERSION = 1.0;
				PRODUCT_BUNDLE_IDENTIFIER = metropolia.NearYou;
				PRODUCT_NAME = "$(TARGET_NAME)";
				SWIFT_EMIT_LOC_STRINGS = YES;
				SWIFT_VERSION = 5.0;
				TARGETED_DEVICE_FAMILY = "1,2";
			};
			name = Release;
		};
		A7C125F029DA0A110076B479 /* Debug */ = {
			isa = XCBuildConfiguration;
			buildSettings = {
				ALWAYS_EMBED_SWIFT_STANDARD_LIBRARIES = YES;
				BUNDLE_LOADER = "$(TEST_HOST)";
				CODE_SIGN_STYLE = Automatic;
				CURRENT_PROJECT_VERSION = 1;
				GENERATE_INFOPLIST_FILE = YES;
				IPHONEOS_DEPLOYMENT_TARGET = 15.5;
				MARKETING_VERSION = 1.0;
				PRODUCT_BUNDLE_IDENTIFIER = metropolia.NearYouTests;
				PRODUCT_NAME = "$(TARGET_NAME)";
				SWIFT_EMIT_LOC_STRINGS = NO;
				SWIFT_VERSION = 5.0;
				TARGETED_DEVICE_FAMILY = "1,2";
				TEST_HOST = "$(BUILT_PRODUCTS_DIR)/NearYou.app/NearYou";
			};
			name = Debug;
		};
		A7C125F129DA0A110076B479 /* Release */ = {
			isa = XCBuildConfiguration;
			buildSettings = {
				ALWAYS_EMBED_SWIFT_STANDARD_LIBRARIES = YES;
				BUNDLE_LOADER = "$(TEST_HOST)";
				CODE_SIGN_STYLE = Automatic;
				CURRENT_PROJECT_VERSION = 1;
				GENERATE_INFOPLIST_FILE = YES;
				IPHONEOS_DEPLOYMENT_TARGET = 15.5;
				MARKETING_VERSION = 1.0;
				PRODUCT_BUNDLE_IDENTIFIER = metropolia.NearYouTests;
				PRODUCT_NAME = "$(TARGET_NAME)";
				SWIFT_EMIT_LOC_STRINGS = NO;
				SWIFT_VERSION = 5.0;
				TARGETED_DEVICE_FAMILY = "1,2";
				TEST_HOST = "$(BUILT_PRODUCTS_DIR)/NearYou.app/NearYou";
			};
			name = Release;
		};
		A7C125F329DA0A110076B479 /* Debug */ = {
			isa = XCBuildConfiguration;
			buildSettings = {
				ALWAYS_EMBED_SWIFT_STANDARD_LIBRARIES = YES;
				CODE_SIGN_STYLE = Automatic;
				CURRENT_PROJECT_VERSION = 1;
				GENERATE_INFOPLIST_FILE = YES;
				MARKETING_VERSION = 1.0;
				PRODUCT_BUNDLE_IDENTIFIER = metropolia.NearYouUITests;
				PRODUCT_NAME = "$(TARGET_NAME)";
				SWIFT_EMIT_LOC_STRINGS = NO;
				SWIFT_VERSION = 5.0;
				TARGETED_DEVICE_FAMILY = "1,2";
				TEST_TARGET_NAME = NearYou;
			};
			name = Debug;
		};
		A7C125F429DA0A110076B479 /* Release */ = {
			isa = XCBuildConfiguration;
			buildSettings = {
				ALWAYS_EMBED_SWIFT_STANDARD_LIBRARIES = YES;
				CODE_SIGN_STYLE = Automatic;
				CURRENT_PROJECT_VERSION = 1;
				GENERATE_INFOPLIST_FILE = YES;
				MARKETING_VERSION = 1.0;
				PRODUCT_BUNDLE_IDENTIFIER = metropolia.NearYouUITests;
				PRODUCT_NAME = "$(TARGET_NAME)";
				SWIFT_EMIT_LOC_STRINGS = NO;
				SWIFT_VERSION = 5.0;
				TARGETED_DEVICE_FAMILY = "1,2";
				TEST_TARGET_NAME = NearYou;
			};
			name = Release;
		};
/* End XCBuildConfiguration section */

/* Begin XCConfigurationList section */
		A7C125C329DA0A0F0076B479 /* Build configuration list for PBXProject "NearYou" */ = {
			isa = XCConfigurationList;
			buildConfigurations = (
				A7C125EA29DA0A110076B479 /* Debug */,
				A7C125EB29DA0A110076B479 /* Release */,
			);
			defaultConfigurationIsVisible = 0;
			defaultConfigurationName = Release;
		};
		A7C125EC29DA0A110076B479 /* Build configuration list for PBXNativeTarget "NearYou" */ = {
			isa = XCConfigurationList;
			buildConfigurations = (
				A7C125ED29DA0A110076B479 /* Debug */,
				A7C125EE29DA0A110076B479 /* Release */,
			);
			defaultConfigurationIsVisible = 0;
			defaultConfigurationName = Release;
		};
		A7C125EF29DA0A110076B479 /* Build configuration list for PBXNativeTarget "NearYouTests" */ = {
			isa = XCConfigurationList;
			buildConfigurations = (
				A7C125F029DA0A110076B479 /* Debug */,
				A7C125F129DA0A110076B479 /* Release */,
			);
			defaultConfigurationIsVisible = 0;
			defaultConfigurationName = Release;
		};
		A7C125F229DA0A110076B479 /* Build configuration list for PBXNativeTarget "NearYouUITests" */ = {
			isa = XCConfigurationList;
			buildConfigurations = (
				A7C125F329DA0A110076B479 /* Debug */,
				A7C125F429DA0A110076B479 /* Release */,
			);
			defaultConfigurationIsVisible = 0;
			defaultConfigurationName = Release;
		};
/* End XCConfigurationList section */
	};
	rootObject = A7C125C029DA0A0F0076B479 /* Project object */;
}
